# This file is automatically @generated by Cargo.
# It is not intended for manual editing.
version = 3

[[package]]
name = "aho_corasick"
version = "1.0.2"
dependencies = [
 "memchr",
]

[[package]]
name = "byteorder"
version = "1.4.3"

[[package]]
name = "cacti"
version = "0.1.0-devel"
dependencies = [
 "aho_corasick",
 "byteorder",
 "cacti_cfg_env",
 "cacti_gpu_cu_ffi",
 "cacti_smp_c_ffi",
 "futhark_ffi",
 "futhark_syntax",
 "glob",
 "half",
 "home",
 "libc",
 "once_cell",
 "repugnant_pickle",
 "rustc_serialize",
 "safetensor_serialize",
 "sentencepiece_ffi",
 "smol_str",
]

[[package]]
name = "cacti_cfg_env"
version = "0.1.0-devel"
dependencies = [
 "home",
 "once_cell",
]

[[package]]
name = "cacti_gpu_cu_ffi"
version = "0.1.0-devel"
dependencies = [
 "cacti_cfg_env",
 "libc",
 "libloading",
 "once_cell",
]

[[package]]
name = "cacti_smp_c_ffi"
version = "0.1.0-devel"
dependencies = [
 "libc",
 "libloading",
 "once_cell",
]

[[package]]
name = "cc"
version = "1.0.79"

[[package]]
name = "cfg_if"
version = "1.0.0"

[[package]]
name = "cmake"
version = "0.1.50"
dependencies = [
 "cc",
]

[[package]]
name = "crc32fast"
version = "1.3.2"

[[package]]
name = "futhark_ffi"
version = "0.1.0-devel"
dependencies = [
 "cc",
 "libc",
 "libloading",
 "rustc_serialize",
 "ryu",
]

[[package]]
name = "futhark_syntax"
version = "0.1.0-devel"
dependencies = [
 "regex_syntax",
 "smol_str",
]

[[package]]
name = "glob"
version = "0.3.1"

[[package]]
name = "half"
version = "3.0.0-dev"
dependencies = [
 "cfg_if",
]

[[package]]
name = "home"
version = "0.5.4"

[[package]]
name = "libc"
version = "0.2.141"

[[package]]
name = "libloading"
version = "0.7.4"
dependencies = [
 "cfg_if",
]

[[package]]
name = "memchr"
version = "2.5.0"

[[package]]
name = "minimal_lexical"
version = "0.2.1"

[[package]]
name = "nom"
version = "7.1.2"
dependencies = [
 "memchr",
 "minimal_lexical",
]

[[package]]
name = "once_cell"
version = "1.17.1"

[[package]]
name = "regex_syntax"
version = "0.7.2"

[[package]]
name = "repugnant_pickle"
version = "0.0.1"
dependencies = [
 "nom",
 "smol_str",
 "zip",
]

[[package]]
name = "rustc_serialize"
version = "0.4.0-devel"
dependencies = [
 "smol_str",
]

[[package]]
name = "ryu"
version = "1.0.13"

[[package]]
name = "safetensor_serialize"
version = "0.3.2"
dependencies = [
 "rustc_serialize",
]

[[package]]
name = "sentencepiece_ffi"
version = "0.11.1"
dependencies = [
 "cc",
 "cmake",
 "libc",
]

[[package]]
name = "smol_str"
version = "0.2.0"

[[package]]
name = "zip"
version = "0.6.4"
dependencies = [
 "byteorder",
 "crc32fast",
]
